
Microsoft Visual Studio Solution File, Format Version 12.00
# Visual Studio Version 16
VisualStudioVersion = 16.0.31205.134
MinimumVisualStudioVersion = 10.0.40219.1
Project("{FAE04EC0-301F-11D3-BF4B-00C04F79EFBC}") = "AppCryptoTester", "AppCryptoTester.csproj", "{7AED1837-78A8-458F-A021-A52C584E2D98}"
EndProject
Project("{FAE04EC0-301F-11D3-BF4B-00C04F79EFBC}") = "AppCrypto", "..\AppCrypto\AppCrypto.csproj", "{29DC6F29-A322-40E2-8B49-6222AE540B72}"
EndProject
Project("{FAE04EC0-301F-11D3-BF4B-00C04F79EFBC}") = "StaticExtensions", "..\..\..\StaticExtensions\StaticExtensions.csproj", "{092C6ABA-9135-4319-A885-F89E7F4ADE93}"
EndProject
Global
	GlobalSection(SolutionConfigurationPlatforms) = preSolution
		Debug|Any CPU = Debug|Any CPU
		Release|Any CPU = Release|Any CPU
	EndGlobalSection
	GlobalSection(ProjectConfigurationPlatforms) = postSolution
		{7AED1837-78A8-458F-A021-A52C584E2D98}.Debug|Any CPU.ActiveCfg = Debug|Any CPU
		{7AED1837-78A8-458F-A021-A52C584E2D98}.Debug|Any CPU.Build.0 = Debug|Any CPU
		{7AED1837-78A8-458F-A021-A52C584E2D98}.Release|Any CPU.ActiveCfg = Release|Any CPU
		{7AED1837-78A8-458F-A021-A52C584E2D98}.Release|Any CPU.Build.0 = Release|Any CPU
		{29DC6F29-A322-40E2-8B49-6222AE540B72}.Debug|Any CPU.ActiveCfg = Debug|Any CPU
		{29DC6F29-A322-40E2-8B49-6222AE540B72}.Debug|Any CPU.Build.0 = Debug|Any CPU
		{29DC6F29-A322-40E2-8B49-6222AE540B72}.Release|Any CPU.ActiveCfg = Release|Any CPU
		{29DC6F29-A322-40E2-8B49-6222AE540B72}.Release|Any CPU.Build.0 = Release|Any CPU
		{092C6ABA-9135-4319-A885-F89E7F4ADE93}.Debug|Any CPU.ActiveCfg = Debug|Any CPU
		{092C6ABA-9135-4319-A885-F89E7F4ADE93}.Debug|Any CPU.Build.0 = Debug|Any CPU
		{092C6ABA-9135-4319-A885-F89E7F4ADE93}.Release|Any CPU.ActiveCfg = Release|Any CPU
		{092C6ABA-9135-4319-A885-F89E7F4ADE93}.Release|Any CPU.Build.0 = Release|Any CPU
	EndGlobalSection
	GlobalSection(SolutionProperties) = preSolution
		HideSolutionNode = FALSE
	EndGlobalSection
	GlobalSection(ExtensibilityGlobals) = postSolution
		SolutionGuid = {B7F5D17A-E7E4-49C8-89C8-4AD3CB5B82EE}
	EndGlobalSection
EndGlobal
